
Microsoft Visual Studio Solution File, Format Version 12.00
# Visual Studio Version 17
VisualStudioVersion = 17.13.35919.96 d17.13
MinimumVisualStudioVersion = 10.0.40219.1
Project("{FAE04EC0-301F-11D3-BF4B-00C04F79EFBC}") = "PraticaVetor_Fila", "PraticaVetor_Fila.csproj", "{7D7F6190-9EB2-483B-9EC5-ED70799CE96A}"
EndProject
Global
	GlobalSection(SolutionConfigurationPlatforms) = preSolution
		Debug|Any CPU = Debug|Any CPU
		Release|Any CPU = Release|Any CPU
	EndGlobalSection
	GlobalSection(ProjectConfigurationPlatforms) = postSolution
		{7D7F6190-9EB2-483B-9EC5-ED70799CE96A}.Debug|Any CPU.ActiveCfg = Debug|Any CPU
		{7D7F6190-9EB2-483B-9EC5-ED70799CE96A}.Debug|Any CPU.Build.0 = Debug|Any CPU
		{7D7F6190-9EB2-483B-9EC5-ED70799CE96A}.Release|Any CPU.ActiveCfg = Release|Any CPU
		{7D7F6190-9EB2-483B-9EC5-ED70799CE96A}.Release|Any CPU.Build.0 = Release|Any CPU
	EndGlobalSection
	GlobalSection(SolutionProperties) = preSolution
		HideSolutionNode = FALSE
	EndGlobalSection
	GlobalSection(ExtensibilityGlobals) = postSolution
		SolutionGuid = {EF2ED39C-31C2-436D-B6AA-E62EE81ACE6C}
	EndGlobalSection
EndGlobal
